// !$*UTF8*$!
{
	archiveVersion = 1;
	classes = {
	};
	objectVersion = 46;
	objects = {

/* Begin PBXBuildFile section */
		8EA45DD51F68F0BB00B887A0 /* AppDelegate.swift in Sources */ = {isa = PBXBuildFile; fileRef = 8EA45DD41F68F0BB00B887A0 /* AppDelegate.swift */; };
		8EA45DD71F68F0BB00B887A0 /* ViewController.swift in Sources */ = {isa = PBXBuildFile; fileRef = 8EA45DD61F68F0BB00B887A0 /* ViewController.swift */; };
		8EA45DDA1F68F0BB00B887A0 /* Main.storyboard in Resources */ = {isa = PBXBuildFile; fileRef = 8EA45DD81F68F0BB00B887A0 /* Main.storyboard */; };
		8EA45DDC1F68F0BB00B887A0 /* Assets.xcassets in Resources */ = {isa = PBXBuildFile; fileRef = 8EA45DDB1F68F0BB00B887A0 /* Assets.xcassets */; };
		8EA45DDF1F68F0BB00B887A0 /* LaunchScreen.storyboard in Resources */ = {isa = PBXBuildFile; fileRef = 8EA45DDD1F68F0BB00B887A0 /* LaunchScreen.storyboard */; };
/* End PBXBuildFile section */

/* Begin PBXFileReference section */
		8EA45DD11F68F0BB00B887A0 /* thekadmin.app */ = {isa = PBXFileReference; explicitFileType = wrapper.application; includeInIndex = 0; path = thekadmin.app; sourceTree = BUILT_PRODUCTS_DIR; };
		8EA45DD41F68F0BB00B887A0 /* AppDelegate.swift */ = {isa = PBXFileReference; lastKnownFileType = sourcecode.swift; path = AppDelegate.swift; sourceTree = "<group>"; };
		8EA45DD61F68F0BB00B887A0 /* ViewController.swift */ = {isa = PBXFileReference; lastKnownFileType = sourcecode.swift; path = ViewController.swift; sourceTree = "<group>"; };
		8EA45DD91F68F0BB00B887A0 /* Base */ = {isa = PBXFileReference; lastKnownFileType = file.storyboard; name = Base; path = Base.lproj/Main.storyboard; sourceTree = "<group>"; };
		8EA45DDB1F68F0BB00B887A0 /* Assets.xcassets */ = {isa = PBXFileReference; lastKnownFileType = folder.assetcatalog; path = Assets.xcassets; sourceTree = "<group>"; };
		8EA45DDE1F68F0BB00B887A0 /* Base */ = {isa = PBXFileReference; lastKnownFileType = file.storyboard; name = Base; path = Base.lproj/LaunchScreen.storyboard; sourceTree = "<group>"; };
		8EA45DE01F68F0BB00B887A0 /* Info.plist */ = {isa = PBXFileReference; lastKnownFileType = text.plist.xml; path = Info.plist; sourceTree = "<group>"; };
/* End PBXFileReference section */

/* Begin PBXFrameworksBuildPhase section */
		8EA45DCE1F68F0BB00B887A0 /* Frameworks */ = {
			isa = PBXFrameworksBuildPhase;
			buildActionMask = 2147483647;
			files = (
			);
			runOnlyForDeploymentPostprocessing = 0;
		};
/* End PBXFrameworksBuildPhase section */

/* Begin PBXGroup section */
		8EA45DC81F68F0BA00B887A0 = {
			isa = PBXGroup;
			children = (
				8EA45DD31F68F0BB00B887A0 /* thekadmin */,
				8EA45DD21F68F0BB00B887A0 /* Products */,
			);
			sourceTree = "<group>";
		};
		8EA45DD21F68F0BB00B887A0 /* Products */ = {
			isa = PBXGroup;
			children = (
				8EA45DD11F68F0BB00B887A0 /* thekadmin.app */,
			);
			name = Products;
			sourceTree = "<group>";
		};
		8EA45DD31F68F0BB00B887A0 /* thekadmin */ = {
			isa = PBXGroup;
			children = (
				8EA45DD41F68F0BB00B887A0 /* AppDelegate.swift */,
				8EA45DD61F68F0BB00B887A0 /* ViewController.swift */,
				8EA45DD81F68F0BB00B887A0 /* Main.storyboard */,
				8EA45DDB1F68F0BB00B887A0 /* Assets.xcassets */,
				8EA45DDD1F68F0BB00B887A0 /* LaunchScreen.storyboard */,
				8EA45DE01F68F0BB00B887A0 /* Info.plist */,
			);
			path = thekadmin;
			sourceTree = "<group>";
		};
/* End PBXGroup section */

/* Begin PBXNativeTarget section */
		8EA45DD01F68F0BB00B887A0 /* thekadmin */ = {
			isa = PBXNativeTarget;
			buildConfigurationList = 8EA45DE31F68F0BB00B887A0 /* Build configuration list for PBXNativeTarget "thekadmin" */;
			buildPhases = (
				8EA45DCD1F68F0BB00B887A0 /* Sources */,
				8EA45DCE1F68F0BB00B887A0 /* Frameworks */,
				8EA45DCF1F68F0BB00B887A0 /* Resources */,
			);
			buildRules = (
			);
			dependencies = (
			);
			name = thekadmin;
			productName = thekadmin;
			productReference = 8EA45DD11F68F0BB00B887A0 /* thekadmin.app */;
			productType = "com.apple.product-type.application";
		};
/* End PBXNativeTarget section */

/* Begin PBXProject section */
		8EA45DC91F68F0BA00B887A0 /* Project object */ = {
			isa = PBXProject;
			attributes = {
				LastSwiftUpdateCheck = 0830;
				LastUpgradeCheck = 0830;
				ORGANIZATIONNAME = "Leble, Loic";
				TargetAttributes = {
					8EA45DD01F68F0BB00B887A0 = {
						CreatedOnToolsVersion = 8.3.3;
						DevelopmentTeam = RR53T7GCAM;
						ProvisioningStyle = Automatic;
					};
				};
			};
			buildConfigurationList = 8EA45DCC1F68F0BA00B887A0 /* Build configuration list for PBXProject "thekadmin" */;
			compatibilityVersion = "Xcode 3.2";
			developmentRegion = English;
			hasScannedForEncodings = 0;
			knownRegions = (
				en,
				Base,
			);
			mainGroup = 8EA45DC81F68F0BA00B887A0;
			productRefGroup = 8EA45DD21F68F0BB00B887A0 /* Products */;
			projectDirPath = "";
			projectRoot = "";
			targets = (
				8EA45DD01F68F0BB00B887A0 /* thekadmin */,
			);
		};
/* End PBXProject section */

/* Begin PBXResourcesBuildPhase section */
		8EA45DCF1F68F0BB00B887A0 /* Resources */ = {
			isa = PBXResourcesBuildPhase;
			buildActionMask = 2147483647;
			files = (
				8EA45DDF1F68F0BB00B887A0 /* LaunchScreen.storyboard in Resources */,
				8EA45DDC1F68F0BB00B887A0 /* Assets.xcassets in Resources */,
				8EA45DDA1F68F0BB00B887A0 /* Main.storyboard in Resources */,
			);
			runOnlyForDeploymentPostprocessing = 0;
		};
/* End PBXResourcesBuildPhase section */

/* Begin PBXSourcesBuildPhase section */
		8EA45DCD1F68F0BB00B887A0 /* Sources */ = {
			isa = PBXSourcesBuildPhase;
			buildActionMask = 2147483647;
			files = (
				8EA45DD71F68F0BB00B887A0 /* ViewController.swift in Sources */,
				8EA45DD51F68F0BB00B887A0 /* AppDelegate.swift in Sources */,
			);
			runOnlyForDeploymentPostprocessing = 0;
		};
/* End PBXSourcesBuildPhase section */

/* Begin PBXVariantGroup section */
		8EA45DD81F68F0BB00B887A0 /* Main.storyboard */ = {
			isa = PBXVariantGroup;
			children = (
				8EA45DD91F68F0BB00B887A0 /* Base */,
			);
			name = Main.storyboard;
			sourceTree = "<group>";
		};
		8EA45DDD1F68F0BB00B887A0 /* LaunchScreen.storyboard */ = {
			isa = PBXVariantGroup;
			children = (
				8EA45DDE1F68F0BB00B887A0 /* Base */,
			);
			name = LaunchScreen.storyboard;
			sourceTree = "<group>";
		};
/* End PBXVariantGroup section */

/* Begin XCBuildConfiguration section */
		8EA45DE11F68F0BB00B887A0 /* Debug */ = {
			isa = XCBuildConfiguration;
			buildSettings = {
				ALWAYS_SEARCH_USER_PATHS = NO;
				CLANG_ANALYZER_NONNULL = YES;
				CLANG_ANALYZER_NUMBER_OBJECT_CONVERSION = YES_AGGRESSIVE;
				CLANG_CXX_LANGUAGE_STANDARD = "gnu++0x";
				CLANG_CXX_LIBRARY = "libc++";
				CLANG_ENABLE_MODULES = YES;
				CLANG_ENABLE_OBJC_ARC = YES;
				CLANG_WARN_BOOL_CONVERSION = YES;
				CLANG_WARN_CONSTANT_CONVERSION = YES;
				CLANG_WARN_DIRECT_OBJC_ISA_USAGE = YES_ERROR;
				CLANG_WARN_DOCUMENTATION_COMMENTS = YES;
				CLANG_WARN_EMPTY_BODY = YES;
				CLANG_WARN_ENUM_CONVERSION = YES;
				CLANG_WARN_INFINITE_RECURSION = YES;
				CLANG_WARN_INT_CONVERSION = YES;
				CLANG_WARN_OBJC_ROOT_CLASS = YES_ERROR;
				CLANG_WARN_SUSPICIOUS_MOVE = YES;
				CLANG_WARN_UNREACHABLE_CODE = YES;
				CLANG_WARN__DUPLICATE_METHOD_MATCH = YES;
				"CODE_SIGN_IDENTITY[sdk=iphoneos*]" = "iPhone Developer";
				COPY_PHASE_STRIP = NO;
				DEBUG_INFORMATION_FORMAT = dwarf;
				ENABLE_STRICT_OBJC_MSGSEND = YES;
				ENABLE_TESTABILITY = YES;
				GCC_C_LANGUAGE_STANDARD = gnu99;
				GCC_DYNAMIC_NO_PIC = NO;
				GCC_NO_COMMON_BLOCKS = YES;
				GCC_OPTIMIZATION_LEVEL = 0;
				GCC_PREPROCESSOR_DEFINITIONS = (
					"DEBUG=1",
					"$(inherited)",
				);
				GCC_WARN_64_TO_32_BIT_CONVERSION = YES;
				GCC_WARN_ABOUT_RETURN_TYPE = YES_ERROR;
				GCC_WARN_UNDECLARED_SELECTOR = YES;
				GCC_WARN_UNINITIALIZED_AUTOS = YES_AGGRESSIVE;
				GCC_WARN_UNUSED_FUNCTION = YES;
				GCC_WARN_UNUSED_VARIABLE = YES;
				IPHONEOS_DEPLOYMENT_TARGET = 10.3;
				MTL_ENABLE_DEBUG_INFO = YES;
				ONLY_ACTIVE_ARCH = YES;
				SDKROOT = iphoneos;
				SWIFT_ACTIVE_COMPILATION_CONDITIONS = DEBUG;
				SWIFT_OPTIMIZATION_LEVEL = "-Onone";
			};
			name = Debug;
		};
		8EA45DE21F68F0BB00B887A0 /* Release */ = {
			isa = XCBuildConfiguration;
			buildSettings = {
				ALWAYS_SEARCH_USER_PATHS = NO;
				CLANG_ANALYZER_NONNULL = YES;
				CLANG_ANALYZER_NUMBER_OBJECT_CONVERSION = YES_AGGRESSIVE;
				CLANG_CXX_LANGUAGE_STANDARD = "gnu++0x";
				CLANG_CXX_LIBRARY = "libc++";
				CLANG_ENABLE_MODULES = YES;
				CLANG_ENABLE_OBJC_ARC = YES;
				CLANG_WARN_BOOL_CONVERSION = YES;
				CLANG_WARN_CONSTANT_CONVERSION = YES;
				CLANG_WARN_DIRECT_OBJC_ISA_USAGE = YES_ERROR;
				CLANG_WARN_DOCUMENTATION_COMMENTS = YES;
				CLANG_WARN_EMPTY_BODY = YES;
				CLANG_WARN_ENUM_CONVERSION = YES;
				CLANG_WARN_INFINITE_RECURSION = YES;
				CLANG_WARN_INT_CONVERSION = YES;
				CLANG_WARN_OBJC_ROOT_CLASS = YES_ERROR;
				CLANG_WARN_SUSPICIOUS_MOVE = YES;
				CLANG_WARN_UNREACHABLE_CODE = YES;
				CLANG_WARN__DUPLICATE_METHOD_MATCH = YES;
				"CODE_SIGN_IDENTITY[sdk=iphoneos*]" = "iPhone Developer";
				COPY_PHASE_STRIP = NO;
				DEBUG_INFORMATION_FORMAT = "dwarf-with-dsym";
				ENABLE_NS_ASSERTIONS = NO;
				ENABLE_STRICT_OBJC_MSGSEND = YES;
				GCC_C_LANGUAGE_STANDARD = gnu99;
				GCC_NO_COMMON_BLOCKS = YES;
				GCC_WARN_64_TO_32_BIT_CONVERSION = YES;
				GCC_WARN_ABOUT_RETURN_TYPE = YES_ERROR;
				GCC_WARN_UNDECLARED_SELECTOR = YES;
				GCC_WARN_UNINITIALIZED_AUTOS = YES_AGGRESSIVE;
				GCC_WARN_UNUSED_FUNCTION = YES;
				GCC_WARN_UNUSED_VARIABLE = YES;
				IPHONEOS_DEPLOYMENT_TARGET = 10.3;
				MTL_ENABLE_DEBUG_INFO = NO;
				SDKROOT = iphoneos;
				SWIFT_OPTIMIZATION_LEVEL = "-Owholemodule";
				VALIDATE_PRODUCT = YES;
			};
			name = Release;
		};
		8EA45DE41F68F0BB00B887A0 /* Debug */ = {
			isa = XCBuildConfiguration;
			buildSettings = {
				ASSETCATALOG_COMPILER_APPICON_NAME = AppIcon;
				DEVELOPMENT_TEAM = RR53T7GCAM;
				INFOPLIST_FILE = thekadmin/Info.plist;
				LD_RUNPATH_SEARCH_PATHS = "$(inherited) @executable_path/Frameworks";
				PRODUCT_BUNDLE_IDENTIFIER = com.lebleloic.thekadmin;
				PRODUCT_NAME = "$(TARGET_NAME)";
				SWIFT_VERSION = 3.0;
			};
			name = Debug;
		};
		8EA45DE51F68F0BB00B887A0 /* Release */ = {
			isa = XCBuildConfiguration;
			buildSettings = {
				ASSETCATALOG_COMPILER_APPICON_NAME = AppIcon;
				DEVELOPMENT_TEAM = RR53T7GCAM;
				INFOPLIST_FILE = thekadmin/Info.plist;
				LD_RUNPATH_SEARCH_PATHS = "$(inherited) @executable_path/Frameworks";
				PRODUCT_BUNDLE_IDENTIFIER = com.lebleloic.thekadmin;
				PRODUCT_NAME = "$(TARGET_NAME)";
				SWIFT_VERSION = 3.0;
			};
			name = Release;
		};
/* End XCBuildConfiguration section */

/* Begin XCConfigurationList section */
		8EA45DCC1F68F0BA00B887A0 /* Build configuration list for PBXProject "thekadmin" */ = {
			isa = XCConfigurationList;
			buildConfigurations = (
				8EA45DE11F68F0BB00B887A0 /* Debug */,
				8EA45DE21F68F0BB00B887A0 /* Release */,
			);
			defaultConfigurationIsVisible = 0;
			defaultConfigurationName = Release;
		};
		8EA45DE31F68F0BB00B887A0 /* Build configuration list for PBXNativeTarget "thekadmin" */ = {
			isa = XCConfigurationList;
			buildConfigurations = (
				8EA45DE41F68F0BB00B887A0 /* Debug */,
				8EA45DE51F68F0BB00B887A0 /* Release */,
			);
			defaultConfigurationIsVisible = 0;
		};
/* End XCConfigurationList section */
	};
	rootObject = 8EA45DC91F68F0BA00B887A0 /* Project object */;
}
